{
  "name": "@pieter223/pieter223",
  "version": "1.1.4",
  "lockfileVersion": 3,
  "requires": true,
  "packages": {
    "": {
      "name": "@pieter223/pieter223",
      "version": "1.1.4",
      "license": "ISC",
      "dependencies": {
        "pieter223": "^1.1.4"
      }
    },
    "node_modules/pieter223": {
      "version": "1.1.4",
      "resolved": "https://registry.npmjs.org/pieter223/-/pieter223-1.1.4.tgz",
      "integrity": "sha512-eLolwGnoOcqQD3PquM9vcoOsoYUfu86LHEzOhM7Lig2WSCx1f3zEgSqdBW6vV9J3osiR52AkyepSBGUVWgZ4jg=="
    }
  }
}
